<?xml version="1.0" encoding="utf-8"?>
<Project ToolsVersion="4.0" xmlns="http://schemas.microsoft.com/developer/msbuild/2003">
  <ItemGroup>
    <Filter Include="ImGui">
      <UniqueIdentifier>{C0FF640D-2C14-8DBE-F595-301E616989EF}</UniqueIdentifier>
    </Filter>
    <Filter Include="Input">
      <UniqueIdentifier>{953A660D-014F-8EBE-CAD0-311E36A48AEF}</UniqueIdentifier>
    </Filter>
    <Filter Include="gpop">
      <UniqueIdentifier>{BB75977C-A7AC-980D-5099-7E103CAF140F}</UniqueIdentifier>
    </Filter>
    <Filter Include="implot">
      <UniqueIdentifier>{5A62C004-4604-EBDA-2FBF-FE2E1B00722B}</UniqueIdentifier>
    </Filter>
  </ItemGroup>
  <ItemGroup>
    <ClInclude Include="src\Walnut\Application.h" />
    <ClInclude Include="src\Walnut\EntryPoint.h" />
    <ClInclude Include="src\Walnut\Image.h" />
    <ClInclude Include="src\Walnut\Input\Input.h">
      <Filter>Input</Filter>
    </ClInclude>
    <ClInclude Include="src\Walnut\Input\KeyCodes.h">
      <Filter>Input</Filter>
    </ClInclude>
    <ClInclude Include="src\Walnut\Layer.h" />
    <ClInclude Include="src\Walnut\Random.h" />
    <ClInclude Include="src\Walnut\Timer.h" />
    <ClInclude Include="src\Walnut\gpop\math.h">
      <Filter>gpop</Filter>
    </ClInclude>
    <ClInclude Include="src\Walnut\gpop\reproduction.h">
      <Filter>gpop</Filter>
    </ClInclude>
    <ClInclude Include="src\Walnut\gpop\selection.h">
      <Filter>gpop</Filter>
    </ClInclude>
    <ClInclude Include="src\Walnut\implot\implot.h">
      <Filter>implot</Filter>
    </ClInclude>
    <ClInclude Include="src\Walnut\implot\implot_internal.h">
      <Filter>implot</Filter>
    </ClInclude>
  </ItemGroup>
  <ItemGroup>
    <ClCompile Include="src\Walnut\Application.cpp" />
    <ClCompile Include="src\Walnut\ImGui\ImGuiBuild.cpp">
      <Filter>ImGui</Filter>
    </ClCompile>
    <ClCompile Include="src\Walnut\Image.cpp" />
    <ClCompile Include="src\Walnut\Input\Input.cpp">
      <Filter>Input</Filter>
    </ClCompile>
    <ClCompile Include="src\Walnut\Random.cpp" />
    <ClCompile Include="src\Walnut\gpop\Main.cpp">
      <Filter>gpop</Filter>
    </ClCompile>
    <ClCompile Include="src\Walnut\gpop\math.cpp">
      <Filter>gpop</Filter>
    </ClCompile>
    <ClCompile Include="src\Walnut\gpop\reproduction.cpp">
      <Filter>gpop</Filter>
    </ClCompile>
    <ClCompile Include="src\Walnut\gpop\selection.cpp">
      <Filter>gpop</Filter>
    </ClCompile>
    <ClCompile Include="src\Walnut\implot\implot.cpp">
      <Filter>implot</Filter>
    </ClCompile>
    <ClCompile Include="src\Walnut\implot\implot_demo.cpp">
      <Filter>implot</Filter>
    </ClCompile>
    <ClCompile Include="src\Walnut\implot\implot_items.cpp">
      <Filter>implot</Filter>
    </ClCompile>
  </ItemGroup>
</Project>